
Microsoft Visual Studio Solution File, Format Version 12.00
# Visual Studio Version 17
VisualStudioVersion = 17.11.35303.130
MinimumVisualStudioVersion = 10.0.40219.1
Project("{FAE04EC0-301F-11D3-BF4B-00C04F79EFBC}") = "MariaSchillstrom-Assigment2", "MariaSchillstrom-Assigment2\MariaSchillstrom-Assigment2.csproj", "{75294AFE-7482-4318-87A2-BB1A92529402}"
EndProject
Global
	GlobalSection(SolutionConfigurationPlatforms) = preSolution
		Debug|Any CPU = Debug|Any CPU
		Release|Any CPU = Release|Any CPU
	EndGlobalSection
	GlobalSection(ProjectConfigurationPlatforms) = postSolution
		{75294AFE-7482-4318-87A2-BB1A92529402}.Debug|Any CPU.ActiveCfg = Debug|Any CPU
		{75294AFE-7482-4318-87A2-BB1A92529402}.Debug|Any CPU.Build.0 = Debug|Any CPU
		{75294AFE-7482-4318-87A2-BB1A92529402}.Release|Any CPU.ActiveCfg = Release|Any CPU
		{75294AFE-7482-4318-87A2-BB1A92529402}.Release|Any CPU.Build.0 = Release|Any CPU
	EndGlobalSection
	GlobalSection(SolutionProperties) = preSolution
		HideSolutionNode = FALSE
	EndGlobalSection
	GlobalSection(ExtensibilityGlobals) = postSolution
		SolutionGuid = {AE87CDAC-EC83-45BD-902E-A26827FDF2CF}
	EndGlobalSection
EndGlobal
